// !$*UTF8*$!
{
	archiveVersion = 1;
	classes = {
	};
	objectVersion = 55;
	objects = {

/* Begin PBXBuildFile section */
		9586219327C2A1EA006DECA1 /* APICaller.swift in Sources */ = {isa = PBXBuildFile; fileRef = 9586219227C2A1EA006DECA1 /* APICaller.swift */; };
		9586219527C2A53D006DECA1 /* Title.swift in Sources */ = {isa = PBXBuildFile; fileRef = 9586219427C2A53D006DECA1 /* Title.swift */; };
		9586219727C2A81E006DECA1 /* Extensions.swift in Sources */ = {isa = PBXBuildFile; fileRef = 9586219627C2A81E006DECA1 /* Extensions.swift */; };
		959EE8A927C161F300A1DB02 /* AppDelegate.swift in Sources */ = {isa = PBXBuildFile; fileRef = 959EE8A827C161F300A1DB02 /* AppDelegate.swift */; };
		959EE8AB27C161F300A1DB02 /* SceneDelegate.swift in Sources */ = {isa = PBXBuildFile; fileRef = 959EE8AA27C161F300A1DB02 /* SceneDelegate.swift */; };
		959EE8AD27C161F300A1DB02 /* MainTabBarViewController.swift in Sources */ = {isa = PBXBuildFile; fileRef = 959EE8AC27C161F300A1DB02 /* MainTabBarViewController.swift */; };
		959EE8B227C161F500A1DB02 /* Assets.xcassets in Resources */ = {isa = PBXBuildFile; fileRef = 959EE8B127C161F500A1DB02 /* Assets.xcassets */; };
		959EE8B527C161F500A1DB02 /* LaunchScreen.storyboard in Resources */ = {isa = PBXBuildFile; fileRef = 959EE8B327C161F500A1DB02 /* LaunchScreen.storyboard */; };
		959EE8BE27C1622E00A1DB02 /* HomeViewController.swift in Sources */ = {isa = PBXBuildFile; fileRef = 959EE8BD27C1622E00A1DB02 /* HomeViewController.swift */; };
		959EE8C027C1624100A1DB02 /* UpcomingViewController.swift in Sources */ = {isa = PBXBuildFile; fileRef = 959EE8BF27C1624100A1DB02 /* UpcomingViewController.swift */; };
		959EE8C227C1624B00A1DB02 /* SearchViewController.swift in Sources */ = {isa = PBXBuildFile; fileRef = 959EE8C127C1624B00A1DB02 /* SearchViewController.swift */; };
		959EE8C427C1625700A1DB02 /* DownloadsViewController.swift in Sources */ = {isa = PBXBuildFile; fileRef = 959EE8C327C1625700A1DB02 /* DownloadsViewController.swift */; };
		959EE8CB27C168C500A1DB02 /* CollectionViewTableViewCell.swift in Sources */ = {isa = PBXBuildFile; fileRef = 959EE8CA27C168C500A1DB02 /* CollectionViewTableViewCell.swift */; };
		959EE8CD27C16E5700A1DB02 /* HeroHeaderUIView.swift in Sources */ = {isa = PBXBuildFile; fileRef = 959EE8CC27C16E5700A1DB02 /* HeroHeaderUIView.swift */; };
/* End PBXBuildFile section */

/* Begin PBXFileReference section */
		9586219227C2A1EA006DECA1 /* APICaller.swift */ = {isa = PBXFileReference; lastKnownFileType = sourcecode.swift; path = APICaller.swift; sourceTree = "<group>"; };
		9586219427C2A53D006DECA1 /* Title.swift */ = {isa = PBXFileReference; lastKnownFileType = sourcecode.swift; path = Title.swift; sourceTree = "<group>"; };
		9586219627C2A81E006DECA1 /* Extensions.swift */ = {isa = PBXFileReference; lastKnownFileType = sourcecode.swift; path = Extensions.swift; sourceTree = "<group>"; };
		959EE8A527C161F300A1DB02 /* Netflix Clone.app */ = {isa = PBXFileReference; explicitFileType = wrapper.application; includeInIndex = 0; path = "Netflix Clone.app"; sourceTree = BUILT_PRODUCTS_DIR; };
		959EE8A827C161F300A1DB02 /* AppDelegate.swift */ = {isa = PBXFileReference; lastKnownFileType = sourcecode.swift; path = AppDelegate.swift; sourceTree = "<group>"; };
		959EE8AA27C161F300A1DB02 /* SceneDelegate.swift */ = {isa = PBXFileReference; lastKnownFileType = sourcecode.swift; path = SceneDelegate.swift; sourceTree = "<group>"; };
		959EE8AC27C161F300A1DB02 /* MainTabBarViewController.swift */ = {isa = PBXFileReference; lastKnownFileType = sourcecode.swift; path = MainTabBarViewController.swift; sourceTree = "<group>"; };
		959EE8B127C161F500A1DB02 /* Assets.xcassets */ = {isa = PBXFileReference; lastKnownFileType = folder.assetcatalog; path = Assets.xcassets; sourceTree = "<group>"; };
		959EE8B427C161F500A1DB02 /* Base */ = {isa = PBXFileReference; lastKnownFileType = file.storyboard; name = Base; path = Base.lproj/LaunchScreen.storyboard; sourceTree = "<group>"; };
		959EE8B627C161F500A1DB02 /* Info.plist */ = {isa = PBXFileReference; lastKnownFileType = text.plist.xml; path = Info.plist; sourceTree = "<group>"; };
		959EE8BD27C1622E00A1DB02 /* HomeViewController.swift */ = {isa = PBXFileReference; lastKnownFileType = sourcecode.swift; path = HomeViewController.swift; sourceTree = "<group>"; };
		959EE8BF27C1624100A1DB02 /* UpcomingViewController.swift */ = {isa = PBXFileReference; lastKnownFileType = sourcecode.swift; path = UpcomingViewController.swift; sourceTree = "<group>"; };
		959EE8C127C1624B00A1DB02 /* SearchViewController.swift */ = {isa = PBXFileReference; lastKnownFileType = sourcecode.swift; path = SearchViewController.swift; sourceTree = "<group>"; };
		959EE8C327C1625700A1DB02 /* DownloadsViewController.swift */ = {isa = PBXFileReference; lastKnownFileType = sourcecode.swift; path = DownloadsViewController.swift; sourceTree = "<group>"; };
		959EE8CA27C168C500A1DB02 /* CollectionViewTableViewCell.swift */ = {isa = PBXFileReference; lastKnownFileType = sourcecode.swift; path = CollectionViewTableViewCell.swift; sourceTree = "<group>"; };
		959EE8CC27C16E5700A1DB02 /* HeroHeaderUIView.swift */ = {isa = PBXFileReference; lastKnownFileType = sourcecode.swift; path = HeroHeaderUIView.swift; sourceTree = "<group>"; };
/* End PBXFileReference section */

/* Begin PBXFrameworksBuildPhase section */
		959EE8A227C161F300A1DB02 /* Frameworks */ = {
			isa = PBXFrameworksBuildPhase;
			buildActionMask = 2147483647;
			files = (
			);
			runOnlyForDeploymentPostprocessing = 0;
		};
/* End PBXFrameworksBuildPhase section */

/* Begin PBXGroup section */
		959EE89C27C161F300A1DB02 = {
			isa = PBXGroup;
			children = (
				959EE8A727C161F300A1DB02 /* Netflix Clone */,
				959EE8A627C161F300A1DB02 /* Products */,
			);
			sourceTree = "<group>";
		};
		959EE8A627C161F300A1DB02 /* Products */ = {
			isa = PBXGroup;
			children = (
				959EE8A527C161F300A1DB02 /* Netflix Clone.app */,
			);
			name = Products;
			sourceTree = "<group>";
		};
		959EE8A727C161F300A1DB02 /* Netflix Clone */ = {
			isa = PBXGroup;
			children = (
				959EE8C927C1688A00A1DB02 /* Managers */,
				959EE8C827C1687F00A1DB02 /* Resources */,
				959EE8C727C1685F00A1DB02 /* Models */,
				959EE8C527C1684F00A1DB02 /* Views */,
				959EE8C627C1685800A1DB02 /* ViewModels */,
				959EE8BC27C161FC00A1DB02 /* Controllers */,
				959EE8A827C161F300A1DB02 /* AppDelegate.swift */,
				959EE8AA27C161F300A1DB02 /* SceneDelegate.swift */,
				959EE8AC27C161F300A1DB02 /* MainTabBarViewController.swift */,
				959EE8B127C161F500A1DB02 /* Assets.xcassets */,
				959EE8B327C161F500A1DB02 /* LaunchScreen.storyboard */,
				959EE8B627C161F500A1DB02 /* Info.plist */,
			);
			path = "Netflix Clone";
			sourceTree = "<group>";
		};
		959EE8BC27C161FC00A1DB02 /* Controllers */ = {
			isa = PBXGroup;
			children = (
				959EE8BD27C1622E00A1DB02 /* HomeViewController.swift */,
				959EE8BF27C1624100A1DB02 /* UpcomingViewController.swift */,
				959EE8C127C1624B00A1DB02 /* SearchViewController.swift */,
				959EE8C327C1625700A1DB02 /* DownloadsViewController.swift */,
			);
			path = Controllers;
			sourceTree = "<group>";
		};
		959EE8C527C1684F00A1DB02 /* Views */ = {
			isa = PBXGroup;
			children = (
				959EE8CA27C168C500A1DB02 /* CollectionViewTableViewCell.swift */,
				959EE8CC27C16E5700A1DB02 /* HeroHeaderUIView.swift */,
			);
			path = Views;
			sourceTree = "<group>";
		};
		959EE8C627C1685800A1DB02 /* ViewModels */ = {
			isa = PBXGroup;
			children = (
			);
			path = ViewModels;
			sourceTree = "<group>";
		};
		959EE8C727C1685F00A1DB02 /* Models */ = {
			isa = PBXGroup;
			children = (
				9586219427C2A53D006DECA1 /* Title.swift */,
			);
			path = Models;
			sourceTree = "<group>";
		};
		959EE8C827C1687F00A1DB02 /* Resources */ = {
			isa = PBXGroup;
			children = (
				9586219627C2A81E006DECA1 /* Extensions.swift */,
			);
			path = Resources;
			sourceTree = "<group>";
		};
		959EE8C927C1688A00A1DB02 /* Managers */ = {
			isa = PBXGroup;
			children = (
				9586219227C2A1EA006DECA1 /* APICaller.swift */,
			);
			path = Managers;
			sourceTree = "<group>";
		};
/* End PBXGroup section */

/* Begin PBXNativeTarget section */
		959EE8A427C161F300A1DB02 /* Netflix Clone */ = {
			isa = PBXNativeTarget;
			buildConfigurationList = 959EE8B927C161F500A1DB02 /* Build configuration list for PBXNativeTarget "Netflix Clone" */;
			buildPhases = (
				959EE8A127C161F300A1DB02 /* Sources */,
				959EE8A227C161F300A1DB02 /* Frameworks */,
				959EE8A327C161F300A1DB02 /* Resources */,
			);
			buildRules = (
			);
			dependencies = (
			);
			name = "Netflix Clone";
			productName = "Netflix Clone";
			productReference = 959EE8A527C161F300A1DB02 /* Netflix Clone.app */;
			productType = "com.apple.product-type.application";
		};
/* End PBXNativeTarget section */

/* Begin PBXProject section */
		959EE89D27C161F300A1DB02 /* Project object */ = {
			isa = PBXProject;
			attributes = {
				BuildIndependentTargetsInParallel = 1;
				LastSwiftUpdateCheck = 1320;
				LastUpgradeCheck = 1320;
				TargetAttributes = {
					959EE8A427C161F300A1DB02 = {
						CreatedOnToolsVersion = 13.2.1;
					};
				};
			};
			buildConfigurationList = 959EE8A027C161F300A1DB02 /* Build configuration list for PBXProject "Netflix Clone" */;
			compatibilityVersion = "Xcode 13.0";
			developmentRegion = en;
			hasScannedForEncodings = 0;
			knownRegions = (
				en,
				Base,
			);
			mainGroup = 959EE89C27C161F300A1DB02;
			productRefGroup = 959EE8A627C161F300A1DB02 /* Products */;
			projectDirPath = "";
			projectRoot = "";
			targets = (
				959EE8A427C161F300A1DB02 /* Netflix Clone */,
			);
		};
/* End PBXProject section */

/* Begin PBXResourcesBuildPhase section */
		959EE8A327C161F300A1DB02 /* Resources */ = {
			isa = PBXResourcesBuildPhase;
			buildActionMask = 2147483647;
			files = (
				959EE8B527C161F500A1DB02 /* LaunchScreen.storyboard in Resources */,
				959EE8B227C161F500A1DB02 /* Assets.xcassets in Resources */,
			);
			runOnlyForDeploymentPostprocessing = 0;
		};
/* End PBXResourcesBuildPhase section */

/* Begin PBXSourcesBuildPhase section */
		959EE8A127C161F300A1DB02 /* Sources */ = {
			isa = PBXSourcesBuildPhase;
			buildActionMask = 2147483647;
			files = (
				959EE8C227C1624B00A1DB02 /* SearchViewController.swift in Sources */,
				959EE8AD27C161F300A1DB02 /* MainTabBarViewController.swift in Sources */,
				959EE8CB27C168C500A1DB02 /* CollectionViewTableViewCell.swift in Sources */,
				9586219327C2A1EA006DECA1 /* APICaller.swift in Sources */,
				959EE8CD27C16E5700A1DB02 /* HeroHeaderUIView.swift in Sources */,
				959EE8C427C1625700A1DB02 /* DownloadsViewController.swift in Sources */,
				959EE8A927C161F300A1DB02 /* AppDelegate.swift in Sources */,
				9586219727C2A81E006DECA1 /* Extensions.swift in Sources */,
				959EE8AB27C161F300A1DB02 /* SceneDelegate.swift in Sources */,
				959EE8C027C1624100A1DB02 /* UpcomingViewController.swift in Sources */,
				9586219527C2A53D006DECA1 /* Title.swift in Sources */,
				959EE8BE27C1622E00A1DB02 /* HomeViewController.swift in Sources */,
			);
			runOnlyForDeploymentPostprocessing = 0;
		};
/* End PBXSourcesBuildPhase section */

/* Begin PBXVariantGroup section */
		959EE8B327C161F500A1DB02 /* LaunchScreen.storyboard */ = {
			isa = PBXVariantGroup;
			children = (
				959EE8B427C161F500A1DB02 /* Base */,
			);
			name = LaunchScreen.storyboard;
			sourceTree = "<group>";
		};
/* End PBXVariantGroup section */

/* Begin XCBuildConfiguration section */
		959EE8B727C161F500A1DB02 /* Debug */ = {
			isa = XCBuildConfiguration;
			buildSettings = {
				ALWAYS_SEARCH_USER_PATHS = NO;
				CLANG_ANALYZER_NONNULL = YES;
				CLANG_ANALYZER_NUMBER_OBJECT_CONVERSION = YES_AGGRESSIVE;
				CLANG_CXX_LANGUAGE_STANDARD = "gnu++17";
				CLANG_CXX_LIBRARY = "libc++";
				CLANG_ENABLE_MODULES = YES;
				CLANG_ENABLE_OBJC_ARC = YES;
				CLANG_ENABLE_OBJC_WEAK = YES;
				CLANG_WARN_BLOCK_CAPTURE_AUTORELEASING = YES;
				CLANG_WARN_BOOL_CONVERSION = YES;
				CLANG_WARN_COMMA = YES;
				CLANG_WARN_CONSTANT_CONVERSION = YES;
				CLANG_WARN_DEPRECATED_OBJC_IMPLEMENTATIONS = YES;
				CLANG_WARN_DIRECT_OBJC_ISA_USAGE = YES_ERROR;
				CLANG_WARN_DOCUMENTATION_COMMENTS = YES;
				CLANG_WARN_EMPTY_BODY = YES;
				CLANG_WARN_ENUM_CONVERSION = YES;
				CLANG_WARN_INFINITE_RECURSION = YES;
				CLANG_WARN_INT_CONVERSION = YES;
				CLANG_WARN_NON_LITERAL_NULL_CONVERSION = YES;
				CLANG_WARN_OBJC_IMPLICIT_RETAIN_SELF = YES;
				CLANG_WARN_OBJC_LITERAL_CONVERSION = YES;
				CLANG_WARN_OBJC_ROOT_CLASS = YES_ERROR;
				CLANG_WARN_QUOTED_INCLUDE_IN_FRAMEWORK_HEADER = YES;
				CLANG_WARN_RANGE_LOOP_ANALYSIS = YES;
				CLANG_WARN_STRICT_PROTOTYPES = YES;
				CLANG_WARN_SUSPICIOUS_MOVE = YES;
				CLANG_WARN_UNGUARDED_AVAILABILITY = YES_AGGRESSIVE;
				CLANG_WARN_UNREACHABLE_CODE = YES;
				CLANG_WARN__DUPLICATE_METHOD_MATCH = YES;
				COPY_PHASE_STRIP = NO;
				DEBUG_INFORMATION_FORMAT = dwarf;
				ENABLE_STRICT_OBJC_MSGSEND = YES;
				ENABLE_TESTABILITY = YES;
				GCC_C_LANGUAGE_STANDARD = gnu11;
				GCC_DYNAMIC_NO_PIC = NO;
				GCC_NO_COMMON_BLOCKS = YES;
				GCC_OPTIMIZATION_LEVEL = 0;
				GCC_PREPROCESSOR_DEFINITIONS = (
					"DEBUG=1",
					"$(inherited)",
				);
				GCC_WARN_64_TO_32_BIT_CONVERSION = YES;
				GCC_WARN_ABOUT_RETURN_TYPE = YES_ERROR;
				GCC_WARN_UNDECLARED_SELECTOR = YES;
				GCC_WARN_UNINITIALIZED_AUTOS = YES_AGGRESSIVE;
				GCC_WARN_UNUSED_FUNCTION = YES;
				GCC_WARN_UNUSED_VARIABLE = YES;
				IPHONEOS_DEPLOYMENT_TARGET = 15.2;
				MTL_ENABLE_DEBUG_INFO = INCLUDE_SOURCE;
				MTL_FAST_MATH = YES;
				ONLY_ACTIVE_ARCH = YES;
				SDKROOT = iphoneos;
				SWIFT_ACTIVE_COMPILATION_CONDITIONS = DEBUG;
				SWIFT_OPTIMIZATION_LEVEL = "-Onone";
			};
			name = Debug;
		};
		959EE8B827C161F500A1DB02 /* Release */ = {
			isa = XCBuildConfiguration;
			buildSettings = {
				ALWAYS_SEARCH_USER_PATHS = NO;
				CLANG_ANALYZER_NONNULL = YES;
				CLANG_ANALYZER_NUMBER_OBJECT_CONVERSION = YES_AGGRESSIVE;
				CLANG_CXX_LANGUAGE_STANDARD = "gnu++17";
				CLANG_CXX_LIBRARY = "libc++";
				CLANG_ENABLE_MODULES = YES;
				CLANG_ENABLE_OBJC_ARC = YES;
				CLANG_ENABLE_OBJC_WEAK = YES;
				CLANG_WARN_BLOCK_CAPTURE_AUTORELEASING = YES;
				CLANG_WARN_BOOL_CONVERSION = YES;
				CLANG_WARN_COMMA = YES;
				CLANG_WARN_CONSTANT_CONVERSION = YES;
				CLANG_WARN_DEPRECATED_OBJC_IMPLEMENTATIONS = YES;
				CLANG_WARN_DIRECT_OBJC_ISA_USAGE = YES_ERROR;
				CLANG_WARN_DOCUMENTATION_COMMENTS = YES;
				CLANG_WARN_EMPTY_BODY = YES;
				CLANG_WARN_ENUM_CONVERSION = YES;
				CLANG_WARN_INFINITE_RECURSION = YES;
				CLANG_WARN_INT_CONVERSION = YES;
				CLANG_WARN_NON_LITERAL_NULL_CONVERSION = YES;
				CLANG_WARN_OBJC_IMPLICIT_RETAIN_SELF = YES;
				CLANG_WARN_OBJC_LITERAL_CONVERSION = YES;
				CLANG_WARN_OBJC_ROOT_CLASS = YES_ERROR;
				CLANG_WARN_QUOTED_INCLUDE_IN_FRAMEWORK_HEADER = YES;
				CLANG_WARN_RANGE_LOOP_ANALYSIS = YES;
				CLANG_WARN_STRICT_PROTOTYPES = YES;
				CLANG_WARN_SUSPICIOUS_MOVE = YES;
				CLANG_WARN_UNGUARDED_AVAILABILITY = YES_AGGRESSIVE;
				CLANG_WARN_UNREACHABLE_CODE = YES;
				CLANG_WARN__DUPLICATE_METHOD_MATCH = YES;
				COPY_PHASE_STRIP = NO;
				DEBUG_INFORMATION_FORMAT = "dwarf-with-dsym";
				ENABLE_NS_ASSERTIONS = NO;
				ENABLE_STRICT_OBJC_MSGSEND = YES;
				GCC_C_LANGUAGE_STANDARD = gnu11;
				GCC_NO_COMMON_BLOCKS = YES;
				GCC_WARN_64_TO_32_BIT_CONVERSION = YES;
				GCC_WARN_ABOUT_RETURN_TYPE = YES_ERROR;
				GCC_WARN_UNDECLARED_SELECTOR = YES;
				GCC_WARN_UNINITIALIZED_AUTOS = YES_AGGRESSIVE;
				GCC_WARN_UNUSED_FUNCTION = YES;
				GCC_WARN_UNUSED_VARIABLE = YES;
				IPHONEOS_DEPLOYMENT_TARGET = 15.2;
				MTL_ENABLE_DEBUG_INFO = NO;
				MTL_FAST_MATH = YES;
				SDKROOT = iphoneos;
				SWIFT_COMPILATION_MODE = wholemodule;
				SWIFT_OPTIMIZATION_LEVEL = "-O";
				VALIDATE_PRODUCT = YES;
			};
			name = Release;
		};
		959EE8BA27C161F500A1DB02 /* Debug */ = {
			isa = XCBuildConfiguration;
			buildSettings = {
				ASSETCATALOG_COMPILER_APPICON_NAME = AppIcon;
				ASSETCATALOG_COMPILER_GLOBAL_ACCENT_COLOR_NAME = AccentColor;
				CODE_SIGN_STYLE = Automatic;
				CURRENT_PROJECT_VERSION = 1;
				DEVELOPMENT_TEAM = T7J4HHBBHQ;
				GENERATE_INFOPLIST_FILE = YES;
				INFOPLIST_FILE = "Netflix Clone/Info.plist";
				INFOPLIST_KEY_UIApplicationSupportsIndirectInputEvents = YES;
				INFOPLIST_KEY_UILaunchStoryboardName = LaunchScreen;
				INFOPLIST_KEY_UISupportedInterfaceOrientations_iPad = "UIInterfaceOrientationPortrait UIInterfaceOrientationPortraitUpsideDown UIInterfaceOrientationLandscapeLeft UIInterfaceOrientationLandscapeRight";
				INFOPLIST_KEY_UISupportedInterfaceOrientations_iPhone = "UIInterfaceOrientationPortrait UIInterfaceOrientationLandscapeLeft UIInterfaceOrientationLandscapeRight";
				LD_RUNPATH_SEARCH_PATHS = (
					"$(inherited)",
					"@executable_path/Frameworks",
				);
				MARKETING_VERSION = 1.0;
				PRODUCT_BUNDLE_IDENTIFIER = "com.coderdreik.Netflix-Clone";
				PRODUCT_NAME = "$(TARGET_NAME)";
				SWIFT_EMIT_LOC_STRINGS = YES;
				SWIFT_VERSION = 5.0;
				TARGETED_DEVICE_FAMILY = "1,2";
			};
			name = Debug;
		};
		959EE8BB27C161F500A1DB02 /* Release */ = {
			isa = XCBuildConfiguration;
			buildSettings = {
				ASSETCATALOG_COMPILER_APPICON_NAME = AppIcon;
				ASSETCATALOG_COMPILER_GLOBAL_ACCENT_COLOR_NAME = AccentColor;
				CODE_SIGN_STYLE = Automatic;
				CURRENT_PROJECT_VERSION = 1;
				DEVELOPMENT_TEAM = T7J4HHBBHQ;
				GENERATE_INFOPLIST_FILE = YES;
				INFOPLIST_FILE = "Netflix Clone/Info.plist";
				INFOPLIST_KEY_UIApplicationSupportsIndirectInputEvents = YES;
				INFOPLIST_KEY_UILaunchStoryboardName = LaunchScreen;
				INFOPLIST_KEY_UISupportedInterfaceOrientations_iPad = "UIInterfaceOrientationPortrait UIInterfaceOrientationPortraitUpsideDown UIInterfaceOrientationLandscapeLeft UIInterfaceOrientationLandscapeRight";
				INFOPLIST_KEY_UISupportedInterfaceOrientations_iPhone = "UIInterfaceOrientationPortrait UIInterfaceOrientationLandscapeLeft UIInterfaceOrientationLandscapeRight";
				LD_RUNPATH_SEARCH_PATHS = (
					"$(inherited)",
					"@executable_path/Frameworks",
				);
				MARKETING_VERSION = 1.0;
				PRODUCT_BUNDLE_IDENTIFIER = "com.coderdreik.Netflix-Clone";
				PRODUCT_NAME = "$(TARGET_NAME)";
				SWIFT_EMIT_LOC_STRINGS = YES;
				SWIFT_VERSION = 5.0;
				TARGETED_DEVICE_FAMILY = "1,2";
			};
			name = Release;
		};
/* End XCBuildConfiguration section */

/* Begin XCConfigurationList section */
		959EE8A027C161F300A1DB02 /* Build configuration list for PBXProject "Netflix Clone" */ = {
			isa = XCConfigurationList;
			buildConfigurations = (
				959EE8B727C161F500A1DB02 /* Debug */,
				959EE8B827C161F500A1DB02 /* Release */,
			);
			defaultConfigurationIsVisible = 0;
			defaultConfigurationName = Release;
		};
		959EE8B927C161F500A1DB02 /* Build configuration list for PBXNativeTarget "Netflix Clone" */ = {
			isa = XCConfigurationList;
			buildConfigurations = (
				959EE8BA27C161F500A1DB02 /* Debug */,
				959EE8BB27C161F500A1DB02 /* Release */,
			);
			defaultConfigurationIsVisible = 0;
			defaultConfigurationName = Release;
		};
/* End XCConfigurationList section */
	};
	rootObject = 959EE89D27C161F300A1DB02 /* Project object */;
}
